# THIS IS AN AUTOGENERATED FILE. DO NOT EDIT THIS FILE DIRECTLY.
# yarn lockfile v1


sphere-collision@^1.1.11:
  version "1.1.11"
  resolved "https://registry.npmmirror.com/sphere-collision/-/sphere-collision-1.1.11.tgz#c136b30dcae097a243036b4587ca4afebc86932d"
  integrity sha512-PKGmvYbbEyloBY8p9Wlp2zjEAc5WkAc2MzSSPD80FilkSthd6ZzprTgsDlAUMmQIZhDval6MjcvBvLv1gKnSvw==
